
Microsoft Visual Studio Solution File, Format Version 12.00
# Visual Studio Version 16
VisualStudioVersion = 25.0.1700.5
MinimumVisualStudioVersion = 10.0.40219.1
Project("{FAE04EC0-301F-11D3-BF4B-00C04F79EFBC}") = "BasicClasses", "BasicClasses\BasicClasses.csproj", "{FB5F6088-C9FF-450A-9233-67AA1F51C2F5}"
EndProject
Global
	GlobalSection(SolutionConfigurationPlatforms) = preSolution
		Debug|Any CPU = Debug|Any CPU
		Release|Any CPU = Release|Any CPU
	EndGlobalSection
	GlobalSection(ProjectConfigurationPlatforms) = postSolution
		{FB5F6088-C9FF-450A-9233-67AA1F51C2F5}.Debug|Any CPU.ActiveCfg = Debug|Any CPU
		{FB5F6088-C9FF-450A-9233-67AA1F51C2F5}.Debug|Any CPU.Build.0 = Debug|Any CPU
		{FB5F6088-C9FF-450A-9233-67AA1F51C2F5}.Release|Any CPU.ActiveCfg = Release|Any CPU
		{FB5F6088-C9FF-450A-9233-67AA1F51C2F5}.Release|Any CPU.Build.0 = Release|Any CPU
	EndGlobalSection
	GlobalSection(SolutionProperties) = preSolution
		HideSolutionNode = FALSE
	EndGlobalSection
	GlobalSection(ExtensibilityGlobals) = postSolution
		SolutionGuid = {D57CF0F0-046B-430B-99E5-EBA9AAA25590}
	EndGlobalSection
EndGlobal
